// !$*UTF8*$!
{
	archiveVersion = 1;
	classes = {
	};
	objectVersion = 77;
	objects = {

/* Begin PBXBuildFile section */
		83571FBF2D67842700F08BAE /* AddChildViewController.swift in Sources */ = {isa = PBXBuildFile; fileRef = 83571FBE2D67842600F08BAE /* AddChildViewController.swift */; };
		83571FC22D6796B300F08BAE /* FPTextField.swift in Sources */ = {isa = PBXBuildFile; fileRef = 83571FC12D6796B300F08BAE /* FPTextField.swift */; };
		83571FC52D6797D100F08BAE /* UIImage+Ext.swift in Sources */ = {isa = PBXBuildFile; fileRef = 83571FC42D6797D100F08BAE /* UIImage+Ext.swift */; };
		83571FC72D67983600F08BAE /* BaseInputView.swift in Sources */ = {isa = PBXBuildFile; fileRef = 83571FC62D67983600F08BAE /* BaseInputView.swift */; };
		83571FC92D67A67500F08BAE /* DummyChild.swift in Sources */ = {isa = PBXBuildFile; fileRef = 83571FC82D67A67500F08BAE /* DummyChild.swift */; };
		83571FD62D67BC7D00F08BAE /* Child+CoreDataClass.swift in Sources */ = {isa = PBXBuildFile; fileRef = 83571FD22D67BC7D00F08BAE /* Child+CoreDataClass.swift */; };
		83571FD72D67BC7D00F08BAE /* Child+CoreDataProperties.swift in Sources */ = {isa = PBXBuildFile; fileRef = 83571FD32D67BC7D00F08BAE /* Child+CoreDataProperties.swift */; };
		83571FD82D67BC7D00F08BAE /* Parent+CoreDataClass.swift in Sources */ = {isa = PBXBuildFile; fileRef = 83571FD42D67BC7D00F08BAE /* Parent+CoreDataClass.swift */; };
		83571FD92D67BC7D00F08BAE /* Parent+CoreDataProperties.swift in Sources */ = {isa = PBXBuildFile; fileRef = 83571FD52D67BC7D00F08BAE /* Parent+CoreDataProperties.swift */; };
		83CC70B82D6627490013F29C /* AppDelegate.swift in Sources */ = {isa = PBXBuildFile; fileRef = 83CC70B02D6627490013F29C /* AppDelegate.swift */; };
		83CC70B92D6627490013F29C /* FamilyProfileViewController.swift in Sources */ = {isa = PBXBuildFile; fileRef = 83CC70B22D6627490013F29C /* FamilyProfileViewController.swift */; };
		83CC70BA2D6627490013F29C /* SceneDelegate.swift in Sources */ = {isa = PBXBuildFile; fileRef = 83CC70B62D6627490013F29C /* SceneDelegate.swift */; };
		83CC70BB2D6627490013F29C /* Assets.xcassets in Resources */ = {isa = PBXBuildFile; fileRef = 83CC70B12D6627490013F29C /* Assets.xcassets */; };
		83CC70BD2D6627490013F29C /* LaunchScreen.storyboard in Resources */ = {isa = PBXBuildFile; fileRef = 83CC70B52D6627490013F29C /* LaunchScreen.storyboard */; };
		83CC70C12D6629FB0013F29C /* FamilyProfileModel.xcdatamodeld in Sources */ = {isa = PBXBuildFile; fileRef = 83CC70BF2D6629FB0013F29C /* FamilyProfileModel.xcdatamodeld */; };
		83CC70CF2D6631EB0013F29C /* StorageManager.swift in Sources */ = {isa = PBXBuildFile; fileRef = 83CC70CE2D6631EB0013F29C /* StorageManager.swift */; };
		83CC70D22D6632590013F29C /* ErrorPresenter.swift in Sources */ = {isa = PBXBuildFile; fileRef = 83CC70D12D6632590013F29C /* ErrorPresenter.swift */; };
		83CC70D42D6632990013F29C /* StorageError.swift in Sources */ = {isa = PBXBuildFile; fileRef = 83CC70D32D6632990013F29C /* StorageError.swift */; };
		83CC70EA2D6637B20013F29C /* Montserrat-Black.ttf in Resources */ = {isa = PBXBuildFile; fileRef = 83CC70D62D6637B20013F29C /* Montserrat-Black.ttf */; };
		83CC70EB2D6637B20013F29C /* Montserrat-ThinItalic.ttf in Resources */ = {isa = PBXBuildFile; fileRef = 83CC70E72D6637B20013F29C /* Montserrat-ThinItalic.ttf */; };
		83CC70EC2D6637B20013F29C /* Montserrat-Medium.ttf in Resources */ = {isa = PBXBuildFile; fileRef = 83CC70E12D6637B20013F29C /* Montserrat-Medium.ttf */; };
		83CC70ED2D6637B20013F29C /* Montserrat-Light.ttf in Resources */ = {isa = PBXBuildFile; fileRef = 83CC70DF2D6637B20013F29C /* Montserrat-Light.ttf */; };
		83CC70EE2D6637B20013F29C /* Montserrat-MediumItalic.ttf in Resources */ = {isa = PBXBuildFile; fileRef = 83CC70E22D6637B20013F29C /* Montserrat-MediumItalic.ttf */; };
		83CC70EF2D6637B20013F29C /* Montserrat-SemiBoldItalic.ttf in Resources */ = {isa = PBXBuildFile; fileRef = 83CC70E52D6637B20013F29C /* Montserrat-SemiBoldItalic.ttf */; };
		83CC70F02D6637B20013F29C /* Montserrat-Italic.ttf in Resources */ = {isa = PBXBuildFile; fileRef = 83CC70DE2D6637B20013F29C /* Montserrat-Italic.ttf */; };
		83CC70F12D6637B20013F29C /* Montserrat-ExtraBoldItalic.ttf in Resources */ = {isa = PBXBuildFile; fileRef = 83CC70DB2D6637B20013F29C /* Montserrat-ExtraBoldItalic.ttf */; };
		83CC70F22D6637B20013F29C /* Montserrat-SemiBold.ttf in Resources */ = {isa = PBXBuildFile; fileRef = 83CC70E42D6637B20013F29C /* Montserrat-SemiBold.ttf */; };
		83CC70F32D6637B20013F29C /* Montserrat-Regular.ttf in Resources */ = {isa = PBXBuildFile; fileRef = 83CC70E32D6637B20013F29C /* Montserrat-Regular.ttf */; };
		83CC70F42D6637B20013F29C /* Montserrat-Thin.ttf in Resources */ = {isa = PBXBuildFile; fileRef = 83CC70E62D6637B20013F29C /* Montserrat-Thin.ttf */; };
		83CC70F52D6637B20013F29C /* Montserrat-Bold.ttf in Resources */ = {isa = PBXBuildFile; fileRef = 83CC70D82D6637B20013F29C /* Montserrat-Bold.ttf */; };
		83CC70F62D6637B20013F29C /* Montserrat-BoldItalic.ttf in Resources */ = {isa = PBXBuildFile; fileRef = 83CC70D92D6637B20013F29C /* Montserrat-BoldItalic.ttf */; };
		83CC70F72D6637B20013F29C /* Montserrat-ExtraLightItalic.ttf in Resources */ = {isa = PBXBuildFile; fileRef = 83CC70DD2D6637B20013F29C /* Montserrat-ExtraLightItalic.ttf */; };
		83CC70F82D6637B20013F29C /* Montserrat-BlackItalic.ttf in Resources */ = {isa = PBXBuildFile; fileRef = 83CC70D72D6637B20013F29C /* Montserrat-BlackItalic.ttf */; };
		83CC70F92D6637B20013F29C /* Montserrat-ExtraBold.ttf in Resources */ = {isa = PBXBuildFile; fileRef = 83CC70DA2D6637B20013F29C /* Montserrat-ExtraBold.ttf */; };
		83CC70FA2D6637B20013F29C /* Montserrat-ExtraLight.ttf in Resources */ = {isa = PBXBuildFile; fileRef = 83CC70DC2D6637B20013F29C /* Montserrat-ExtraLight.ttf */; };
		83CC70FB2D6637B20013F29C /* Montserrat-LightItalic.ttf in Resources */ = {isa = PBXBuildFile; fileRef = 83CC70E02D6637B20013F29C /* Montserrat-LightItalic.ttf */; };
		83CC70FD2D6637CC0013F29C /* Resouces.swift in Sources */ = {isa = PBXBuildFile; fileRef = 83CC70FC2D6637CC0013F29C /* Resouces.swift */; };
		83CC71012D663AE90013F29C /* UITableView+Ext.swift in Sources */ = {isa = PBXBuildFile; fileRef = 83CC71002D663AE90013F29C /* UITableView+Ext.swift */; };
		83CC71032D663B020013F29C /* UIView+Ext.swift in Sources */ = {isa = PBXBuildFile; fileRef = 83CC71022D663B020013F29C /* UIView+Ext.swift */; };
		83CC71052D6640490013F29C /* TitleValueView.swift in Sources */ = {isa = PBXBuildFile; fileRef = 83CC71042D6640490013F29C /* TitleValueView.swift */; };
		83CC71092D6640C50013F29C /* FPBodyLabel.swift in Sources */ = {isa = PBXBuildFile; fileRef = 83CC71082D6640C50013F29C /* FPBodyLabel.swift */; };
		83CC710C2D66447B0013F29C /* ParentInfoView.swift in Sources */ = {isa = PBXBuildFile; fileRef = 83CC710B2D66447B0013F29C /* ParentInfoView.swift */; };
		83CC71172D6664730013F29C /* ChildInfoTableViewCell.swift in Sources */ = {isa = PBXBuildFile; fileRef = 83CC71162D6664730013F29C /* ChildInfoTableViewCell.swift */; };
		83CC711B2D666C270013F29C /* FamilyProfileViewModel.swift in Sources */ = {isa = PBXBuildFile; fileRef = 83CC711A2D666C270013F29C /* FamilyProfileViewModel.swift */; };
		83CC711D2D6670CD0013F29C /* TableHeaderView.swift in Sources */ = {isa = PBXBuildFile; fileRef = 83CC711C2D6670CD0013F29C /* TableHeaderView.swift */; };
		83CC711F2D677B2B0013F29C /* FPTitleLabel.swift in Sources */ = {isa = PBXBuildFile; fileRef = 83CC711E2D677B2B0013F29C /* FPTitleLabel.swift */; };
		83CC71222D677C0D0013F29C /* FPButton.swift in Sources */ = {isa = PBXBuildFile; fileRef = 83CC71212D677C0D0013F29C /* FPButton.swift */; };
/* End PBXBuildFile section */

/* Begin PBXFileReference section */
		83571FBE2D67842600F08BAE /* AddChildViewController.swift */ = {isa = PBXFileReference; lastKnownFileType = sourcecode.swift; path = AddChildViewController.swift; sourceTree = "<group>"; };
		83571FC12D6796B300F08BAE /* FPTextField.swift */ = {isa = PBXFileReference; lastKnownFileType = sourcecode.swift; path = FPTextField.swift; sourceTree = "<group>"; };
		83571FC42D6797D100F08BAE /* UIImage+Ext.swift */ = {isa = PBXFileReference; lastKnownFileType = sourcecode.swift; path = "UIImage+Ext.swift"; sourceTree = "<group>"; };
		83571FC62D67983600F08BAE /* BaseInputView.swift */ = {isa = PBXFileReference; lastKnownFileType = sourcecode.swift; path = BaseInputView.swift; sourceTree = "<group>"; };
		83571FC82D67A67500F08BAE /* DummyChild.swift */ = {isa = PBXFileReference; lastKnownFileType = sourcecode.swift; path = DummyChild.swift; sourceTree = "<group>"; };
		83571FD22D67BC7D00F08BAE /* Child+CoreDataClass.swift */ = {isa = PBXFileReference; lastKnownFileType = sourcecode.swift; path = "Child+CoreDataClass.swift"; sourceTree = "<group>"; };
		83571FD32D67BC7D00F08BAE /* Child+CoreDataProperties.swift */ = {isa = PBXFileReference; lastKnownFileType = sourcecode.swift; path = "Child+CoreDataProperties.swift"; sourceTree = "<group>"; };
		83571FD42D67BC7D00F08BAE /* Parent+CoreDataClass.swift */ = {isa = PBXFileReference; lastKnownFileType = sourcecode.swift; path = "Parent+CoreDataClass.swift"; sourceTree = "<group>"; };
		83571FD52D67BC7D00F08BAE /* Parent+CoreDataProperties.swift */ = {isa = PBXFileReference; lastKnownFileType = sourcecode.swift; path = "Parent+CoreDataProperties.swift"; sourceTree = "<group>"; };
		83CC70982D6605450013F29C /* AlefFamilyProfile.app */ = {isa = PBXFileReference; explicitFileType = wrapper.application; includeInIndex = 0; path = AlefFamilyProfile.app; sourceTree = BUILT_PRODUCTS_DIR; };
		83CC70B02D6627490013F29C /* AppDelegate.swift */ = {isa = PBXFileReference; lastKnownFileType = sourcecode.swift; path = AppDelegate.swift; sourceTree = "<group>"; };
		83CC70B12D6627490013F29C /* Assets.xcassets */ = {isa = PBXFileReference; lastKnownFileType = folder.assetcatalog; path = Assets.xcassets; sourceTree = "<group>"; };
		83CC70B22D6627490013F29C /* FamilyProfileViewController.swift */ = {isa = PBXFileReference; lastKnownFileType = sourcecode.swift; path = FamilyProfileViewController.swift; sourceTree = "<group>"; };
		83CC70B32D6627490013F29C /* Info.plist */ = {isa = PBXFileReference; lastKnownFileType = text.plist.xml; path = Info.plist; sourceTree = "<group>"; };
		83CC70B42D6627490013F29C /* Base */ = {isa = PBXFileReference; lastKnownFileType = file.storyboard; name = Base; path = Base.lproj/LaunchScreen.storyboard; sourceTree = "<group>"; };
		83CC70B62D6627490013F29C /* SceneDelegate.swift */ = {isa = PBXFileReference; lastKnownFileType = sourcecode.swift; path = SceneDelegate.swift; sourceTree = "<group>"; };
		83CC70C02D6629FB0013F29C /* FamilyProfileModel.xcdatamodel */ = {isa = PBXFileReference; lastKnownFileType = wrapper.xcdatamodel; path = FamilyProfileModel.xcdatamodel; sourceTree = "<group>"; };
		83CC70CE2D6631EB0013F29C /* StorageManager.swift */ = {isa = PBXFileReference; lastKnownFileType = sourcecode.swift; path = StorageManager.swift; sourceTree = "<group>"; };
		83CC70D12D6632590013F29C /* ErrorPresenter.swift */ = {isa = PBXFileReference; lastKnownFileType = sourcecode.swift; path = ErrorPresenter.swift; sourceTree = "<group>"; };
		83CC70D32D6632990013F29C /* StorageError.swift */ = {isa = PBXFileReference; lastKnownFileType = sourcecode.swift; path = StorageError.swift; sourceTree = "<group>"; };
		83CC70D62D6637B20013F29C /* Montserrat-Black.ttf */ = {isa = PBXFileReference; lastKnownFileType = file; path = "Montserrat-Black.ttf"; sourceTree = "<group>"; };
		83CC70D72D6637B20013F29C /* Montserrat-BlackItalic.ttf */ = {isa = PBXFileReference; lastKnownFileType = file; path = "Montserrat-BlackItalic.ttf"; sourceTree = "<group>"; };
		83CC70D82D6637B20013F29C /* Montserrat-Bold.ttf */ = {isa = PBXFileReference; lastKnownFileType = file; path = "Montserrat-Bold.ttf"; sourceTree = "<group>"; };
		83CC70D92D6637B20013F29C /* Montserrat-BoldItalic.ttf */ = {isa = PBXFileReference; lastKnownFileType = file; path = "Montserrat-BoldItalic.ttf"; sourceTree = "<group>"; };
		83CC70DA2D6637B20013F29C /* Montserrat-ExtraBold.ttf */ = {isa = PBXFileReference; lastKnownFileType = file; path = "Montserrat-ExtraBold.ttf"; sourceTree = "<group>"; };
		83CC70DB2D6637B20013F29C /* Montserrat-ExtraBoldItalic.ttf */ = {isa = PBXFileReference; lastKnownFileType = file; path = "Montserrat-ExtraBoldItalic.ttf"; sourceTree = "<group>"; };
		83CC70DC2D6637B20013F29C /* Montserrat-ExtraLight.ttf */ = {isa = PBXFileReference; lastKnownFileType = file; path = "Montserrat-ExtraLight.ttf"; sourceTree = "<group>"; };
		83CC70DD2D6637B20013F29C /* Montserrat-ExtraLightItalic.ttf */ = {isa = PBXFileReference; lastKnownFileType = file; path = "Montserrat-ExtraLightItalic.ttf"; sourceTree = "<group>"; };
		83CC70DE2D6637B20013F29C /* Montserrat-Italic.ttf */ = {isa = PBXFileReference; lastKnownFileType = file; path = "Montserrat-Italic.ttf"; sourceTree = "<group>"; };
		83CC70DF2D6637B20013F29C /* Montserrat-Light.ttf */ = {isa = PBXFileReference; lastKnownFileType = file; path = "Montserrat-Light.ttf"; sourceTree = "<group>"; };
		83CC70E02D6637B20013F29C /* Montserrat-LightItalic.ttf */ = {isa = PBXFileReference; lastKnownFileType = file; path = "Montserrat-LightItalic.ttf"; sourceTree = "<group>"; };
		83CC70E12D6637B20013F29C /* Montserrat-Medium.ttf */ = {isa = PBXFileReference; lastKnownFileType = file; path = "Montserrat-Medium.ttf"; sourceTree = "<group>"; };
		83CC70E22D6637B20013F29C /* Montserrat-MediumItalic.ttf */ = {isa = PBXFileReference; lastKnownFileType = file; path = "Montserrat-MediumItalic.ttf"; sourceTree = "<group>"; };
		83CC70E32D6637B20013F29C /* Montserrat-Regular.ttf */ = {isa = PBXFileReference; lastKnownFileType = file; path = "Montserrat-Regular.ttf"; sourceTree = "<group>"; };
		83CC70E42D6637B20013F29C /* Montserrat-SemiBold.ttf */ = {isa = PBXFileReference; lastKnownFileType = file; path = "Montserrat-SemiBold.ttf"; sourceTree = "<group>"; };
		83CC70E52D6637B20013F29C /* Montserrat-SemiBoldItalic.ttf */ = {isa = PBXFileReference; lastKnownFileType = file; path = "Montserrat-SemiBoldItalic.ttf"; sourceTree = "<group>"; };
		83CC70E62D6637B20013F29C /* Montserrat-Thin.ttf */ = {isa = PBXFileReference; lastKnownFileType = file; path = "Montserrat-Thin.ttf"; sourceTree = "<group>"; };
		83CC70E72D6637B20013F29C /* Montserrat-ThinItalic.ttf */ = {isa = PBXFileReference; lastKnownFileType = file; path = "Montserrat-ThinItalic.ttf"; sourceTree = "<group>"; };
		83CC70FC2D6637CC0013F29C /* Resouces.swift */ = {isa = PBXFileReference; lastKnownFileType = sourcecode.swift; path = Resouces.swift; sourceTree = "<group>"; };
		83CC71002D663AE90013F29C /* UITableView+Ext.swift */ = {isa = PBXFileReference; lastKnownFileType = sourcecode.swift; path = "UITableView+Ext.swift"; sourceTree = "<group>"; };
		83CC71022D663B020013F29C /* UIView+Ext.swift */ = {isa = PBXFileReference; lastKnownFileType = sourcecode.swift; path = "UIView+Ext.swift"; sourceTree = "<group>"; };
		83CC71042D6640490013F29C /* TitleValueView.swift */ = {isa = PBXFileReference; lastKnownFileType = sourcecode.swift; path = TitleValueView.swift; sourceTree = "<group>"; };
		83CC71082D6640C50013F29C /* FPBodyLabel.swift */ = {isa = PBXFileReference; lastKnownFileType = sourcecode.swift; path = FPBodyLabel.swift; sourceTree = "<group>"; };
		83CC710B2D66447B0013F29C /* ParentInfoView.swift */ = {isa = PBXFileReference; lastKnownFileType = sourcecode.swift; path = ParentInfoView.swift; sourceTree = "<group>"; };
		83CC71162D6664730013F29C /* ChildInfoTableViewCell.swift */ = {isa = PBXFileReference; lastKnownFileType = sourcecode.swift; path = ChildInfoTableViewCell.swift; sourceTree = "<group>"; };
		83CC711A2D666C270013F29C /* FamilyProfileViewModel.swift */ = {isa = PBXFileReference; lastKnownFileType = sourcecode.swift; path = FamilyProfileViewModel.swift; sourceTree = "<group>"; };
		83CC711C2D6670CD0013F29C /* TableHeaderView.swift */ = {isa = PBXFileReference; lastKnownFileType = sourcecode.swift; path = TableHeaderView.swift; sourceTree = "<group>"; };
		83CC711E2D677B2B0013F29C /* FPTitleLabel.swift */ = {isa = PBXFileReference; lastKnownFileType = sourcecode.swift; path = FPTitleLabel.swift; sourceTree = "<group>"; };
		83CC71212D677C0D0013F29C /* FPButton.swift */ = {isa = PBXFileReference; lastKnownFileType = sourcecode.swift; path = FPButton.swift; sourceTree = "<group>"; };
/* End PBXFileReference section */

/* Begin PBXFrameworksBuildPhase section */
		83CC70952D6605450013F29C /* Frameworks */ = {
			isa = PBXFrameworksBuildPhase;
			buildActionMask = 2147483647;
			files = (
			);
			runOnlyForDeploymentPostprocessing = 0;
		};
/* End PBXFrameworksBuildPhase section */

/* Begin PBXGroup section */
		83571FBC2D6783DC00F08BAE /* Add Child Module */ = {
			isa = PBXGroup;
			children = (
				83571FC32D67977700F08BAE /* Views */,
				83571FBD2D6783F100F08BAE /* Controllers */,
			);
			path = "Add Child Module";
			sourceTree = "<group>";
		};
		83571FBD2D6783F100F08BAE /* Controllers */ = {
			isa = PBXGroup;
			children = (
				83571FBE2D67842600F08BAE /* AddChildViewController.swift */,
			);
			path = Controllers;
			sourceTree = "<group>";
		};
		83571FC02D67968900F08BAE /* TextFields */ = {
			isa = PBXGroup;
			children = (
				83571FC12D6796B300F08BAE /* FPTextField.swift */,
			);
			path = TextFields;
			sourceTree = "<group>";
		};
		83571FC32D67977700F08BAE /* Views */ = {
			isa = PBXGroup;
			children = (
				83571FC62D67983600F08BAE /* BaseInputView.swift */,
			);
			path = Views;
			sourceTree = "<group>";
		};
		83CC708F2D6605450013F29C = {
			isa = PBXGroup;
			children = (
				83CC70B72D6627490013F29C /* AlefFamilyProfile */,
				83CC70992D6605450013F29C /* Products */,
			);
			sourceTree = "<group>";
		};
		83CC70992D6605450013F29C /* Products */ = {
			isa = PBXGroup;
			children = (
				83CC70982D6605450013F29C /* AlefFamilyProfile.app */,
			);
			name = Products;
			sourceTree = "<group>";
		};
		83CC70B72D6627490013F29C /* AlefFamilyProfile */ = {
			isa = PBXGroup;
			children = (
				83CC70FF2D663AC40013F29C /* Extentions */,
				83CC70D52D6636DA0013F29C /* Helpers */,
				83CC70D02D6632250013F29C /* Utilities */,
				83CC70CD2D662BFB0013F29C /* Managers */,
				83CC70BE2D6627510013F29C /* App */,
				83CC70C22D662ABD0013F29C /* Model */,
				83CC70CB2D662B720013F29C /* Main Module */,
				83571FBC2D6783DC00F08BAE /* Add Child Module */,
				83CC70CC2D662B900013F29C /* Supporting files */,
			);
			path = AlefFamilyProfile;
			sourceTree = "<group>";
		};
		83CC70BE2D6627510013F29C /* App */ = {
			isa = PBXGroup;
			children = (
				83CC70B02D6627490013F29C /* AppDelegate.swift */,
				83CC70B62D6627490013F29C /* SceneDelegate.swift */,
			);
			path = App;
			sourceTree = "<group>";
		};
		83CC70C22D662ABD0013F29C /* Model */ = {
			isa = PBXGroup;
			children = (
				83571FC82D67A67500F08BAE /* DummyChild.swift */,
				83CC70BF2D6629FB0013F29C /* FamilyProfileModel.xcdatamodeld */,
				83571FD22D67BC7D00F08BAE /* Child+CoreDataClass.swift */,
				83571FD32D67BC7D00F08BAE /* Child+CoreDataProperties.swift */,
				83571FD42D67BC7D00F08BAE /* Parent+CoreDataClass.swift */,
				83571FD52D67BC7D00F08BAE /* Parent+CoreDataProperties.swift */,
			);
			path = Model;
			sourceTree = "<group>";
		};
		83CC70CB2D662B720013F29C /* Main Module */ = {
			isa = PBXGroup;
			children = (
				83CC71152D66642A0013F29C /* Cells */,
				83CC710A2D66442B0013F29C /* Views */,
				83CC71182D666BDA0013F29C /* Controllers */,
				83CC71192D666BE60013F29C /* View Models */,
			);
			path = "Main Module";
			sourceTree = "<group>";
		};
		83CC70CC2D662B900013F29C /* Supporting files */ = {
			isa = PBXGroup;
			children = (
				83CC70B52D6627490013F29C /* LaunchScreen.storyboard */,
				83CC70B12D6627490013F29C /* Assets.xcassets */,
				83CC70B32D6627490013F29C /* Info.plist */,
				83CC70E92D6637B20013F29C /* Fonts */,
				83CC70FC2D6637CC0013F29C /* Resouces.swift */,
			);
			path = "Supporting files";
			sourceTree = "<group>";
		};
		83CC70CD2D662BFB0013F29C /* Managers */ = {
			isa = PBXGroup;
			children = (
				83CC70CE2D6631EB0013F29C /* StorageManager.swift */,
			);
			path = Managers;
			sourceTree = "<group>";
		};
		83CC70D02D6632250013F29C /* Utilities */ = {
			isa = PBXGroup;
			children = (
				83CC70D12D6632590013F29C /* ErrorPresenter.swift */,
				83CC70D32D6632990013F29C /* StorageError.swift */,
			);
			path = Utilities;
			sourceTree = "<group>";
		};
		83CC70D52D6636DA0013F29C /* Helpers */ = {
			isa = PBXGroup;
			children = (
				83CC70FE2D66391D0013F29C /* Custom Components */,
			);
			path = Helpers;
			sourceTree = "<group>";
		};
		83CC70E82D6637B20013F29C /* Montserrat */ = {
			isa = PBXGroup;
			children = (
				83CC70D62D6637B20013F29C /* Montserrat-Black.ttf */,
				83CC70D72D6637B20013F29C /* Montserrat-BlackItalic.ttf */,
				83CC70D82D6637B20013F29C /* Montserrat-Bold.ttf */,
				83CC70D92D6637B20013F29C /* Montserrat-BoldItalic.ttf */,
				83CC70DA2D6637B20013F29C /* Montserrat-ExtraBold.ttf */,
				83CC70DB2D6637B20013F29C /* Montserrat-ExtraBoldItalic.ttf */,
				83CC70DC2D6637B20013F29C /* Montserrat-ExtraLight.ttf */,
				83CC70DD2D6637B20013F29C /* Montserrat-ExtraLightItalic.ttf */,
				83CC70DE2D6637B20013F29C /* Montserrat-Italic.ttf */,
				83CC70DF2D6637B20013F29C /* Montserrat-Light.ttf */,
				83CC70E02D6637B20013F29C /* Montserrat-LightItalic.ttf */,
				83CC70E12D6637B20013F29C /* Montserrat-Medium.ttf */,
				83CC70E22D6637B20013F29C /* Montserrat-MediumItalic.ttf */,
				83CC70E32D6637B20013F29C /* Montserrat-Regular.ttf */,
				83CC70E42D6637B20013F29C /* Montserrat-SemiBold.ttf */,
				83CC70E52D6637B20013F29C /* Montserrat-SemiBoldItalic.ttf */,
				83CC70E62D6637B20013F29C /* Montserrat-Thin.ttf */,
				83CC70E72D6637B20013F29C /* Montserrat-ThinItalic.ttf */,
			);
			path = Montserrat;
			sourceTree = "<group>";
		};
		83CC70E92D6637B20013F29C /* Fonts */ = {
			isa = PBXGroup;
			children = (
				83CC70E82D6637B20013F29C /* Montserrat */,
			);
			path = Fonts;
			sourceTree = "<group>";
		};
		83CC70FE2D66391D0013F29C /* Custom Components */ = {
			isa = PBXGroup;
			children = (
				83571FC02D67968900F08BAE /* TextFields */,
				83CC71202D677BF70013F29C /* Buttons */,
				83CC71072D6640B70013F29C /* Labels */,
				83CC71062D6640AB0013F29C /* Views */,
			);
			path = "Custom Components";
			sourceTree = "<group>";
		};
		83CC70FF2D663AC40013F29C /* Extentions */ = {
			isa = PBXGroup;
			children = (
				83CC71022D663B020013F29C /* UIView+Ext.swift */,
				83CC71002D663AE90013F29C /* UITableView+Ext.swift */,
				83571FC42D6797D100F08BAE /* UIImage+Ext.swift */,
			);
			path = Extentions;
			sourceTree = "<group>";
		};
		83CC71062D6640AB0013F29C /* Views */ = {
			isa = PBXGroup;
			children = (
				83CC71042D6640490013F29C /* TitleValueView.swift */,
			);
			path = Views;
			sourceTree = "<group>";
		};
		83CC71072D6640B70013F29C /* Labels */ = {
			isa = PBXGroup;
			children = (
				83CC71082D6640C50013F29C /* FPBodyLabel.swift */,
				83CC711E2D677B2B0013F29C /* FPTitleLabel.swift */,
			);
			path = Labels;
			sourceTree = "<group>";
		};
		83CC710A2D66442B0013F29C /* Views */ = {
			isa = PBXGroup;
			children = (
				83CC710B2D66447B0013F29C /* ParentInfoView.swift */,
				83CC711C2D6670CD0013F29C /* TableHeaderView.swift */,
			);
			path = Views;
			sourceTree = "<group>";
		};
		83CC71152D66642A0013F29C /* Cells */ = {
			isa = PBXGroup;
			children = (
				83CC71162D6664730013F29C /* ChildInfoTableViewCell.swift */,
			);
			path = Cells;
			sourceTree = "<group>";
		};
		83CC71182D666BDA0013F29C /* Controllers */ = {
			isa = PBXGroup;
			children = (
				83CC70B22D6627490013F29C /* FamilyProfileViewController.swift */,
			);
			path = Controllers;
			sourceTree = "<group>";
		};
		83CC71192D666BE60013F29C /* View Models */ = {
			isa = PBXGroup;
			children = (
				83CC711A2D666C270013F29C /* FamilyProfileViewModel.swift */,
			);
			path = "View Models";
			sourceTree = "<group>";
		};
		83CC71202D677BF70013F29C /* Buttons */ = {
			isa = PBXGroup;
			children = (
				83CC71212D677C0D0013F29C /* FPButton.swift */,
			);
			path = Buttons;
			sourceTree = "<group>";
		};
/* End PBXGroup section */

/* Begin PBXNativeTarget section */
		83CC70972D6605450013F29C /* AlefFamilyProfile */ = {
			isa = PBXNativeTarget;
			buildConfigurationList = 83CC70AB2D6605470013F29C /* Build configuration list for PBXNativeTarget "AlefFamilyProfile" */;
			buildPhases = (
				83CC70942D6605450013F29C /* Sources */,
				83CC70952D6605450013F29C /* Frameworks */,
				83CC70962D6605450013F29C /* Resources */,
			);
			buildRules = (
			);
			dependencies = (
			);
			name = AlefFamilyProfile;
			packageProductDependencies = (
			);
			productName = AlefFamilyProfile;
			productReference = 83CC70982D6605450013F29C /* AlefFamilyProfile.app */;
			productType = "com.apple.product-type.application";
		};
/* End PBXNativeTarget section */

/* Begin PBXProject section */
		83CC70902D6605450013F29C /* Project object */ = {
			isa = PBXProject;
			attributes = {
				BuildIndependentTargetsInParallel = 1;
				LastSwiftUpdateCheck = 1610;
				LastUpgradeCheck = 1610;
				TargetAttributes = {
					83CC70972D6605450013F29C = {
						CreatedOnToolsVersion = 16.1;
					};
				};
			};
			buildConfigurationList = 83CC70932D6605450013F29C /* Build configuration list for PBXProject "AlefFamilyProfile" */;
			developmentRegion = en;
			hasScannedForEncodings = 0;
			knownRegions = (
				en,
				Base,
			);
			mainGroup = 83CC708F2D6605450013F29C;
			minimizedProjectReferenceProxies = 1;
			preferredProjectObjectVersion = 77;
			productRefGroup = 83CC70992D6605450013F29C /* Products */;
			projectDirPath = "";
			projectRoot = "";
			targets = (
				83CC70972D6605450013F29C /* AlefFamilyProfile */,
			);
		};
/* End PBXProject section */

/* Begin PBXResourcesBuildPhase section */
		83CC70962D6605450013F29C /* Resources */ = {
			isa = PBXResourcesBuildPhase;
			buildActionMask = 2147483647;
			files = (
				83CC70BB2D6627490013F29C /* Assets.xcassets in Resources */,
				83CC70BD2D6627490013F29C /* LaunchScreen.storyboard in Resources */,
				83CC70EA2D6637B20013F29C /* Montserrat-Black.ttf in Resources */,
				83CC70EB2D6637B20013F29C /* Montserrat-ThinItalic.ttf in Resources */,
				83CC70EC2D6637B20013F29C /* Montserrat-Medium.ttf in Resources */,
				83CC70ED2D6637B20013F29C /* Montserrat-Light.ttf in Resources */,
				83CC70EE2D6637B20013F29C /* Montserrat-MediumItalic.ttf in Resources */,
				83CC70EF2D6637B20013F29C /* Montserrat-SemiBoldItalic.ttf in Resources */,
				83CC70F02D6637B20013F29C /* Montserrat-Italic.ttf in Resources */,
				83CC70F12D6637B20013F29C /* Montserrat-ExtraBoldItalic.ttf in Resources */,
				83CC70F22D6637B20013F29C /* Montserrat-SemiBold.ttf in Resources */,
				83CC70F32D6637B20013F29C /* Montserrat-Regular.ttf in Resources */,
				83CC70F42D6637B20013F29C /* Montserrat-Thin.ttf in Resources */,
				83CC70F52D6637B20013F29C /* Montserrat-Bold.ttf in Resources */,
				83CC70F62D6637B20013F29C /* Montserrat-BoldItalic.ttf in Resources */,
				83CC70F72D6637B20013F29C /* Montserrat-ExtraLightItalic.ttf in Resources */,
				83CC70F82D6637B20013F29C /* Montserrat-BlackItalic.ttf in Resources */,
				83CC70F92D6637B20013F29C /* Montserrat-ExtraBold.ttf in Resources */,
				83CC70FA2D6637B20013F29C /* Montserrat-ExtraLight.ttf in Resources */,
				83CC70FB2D6637B20013F29C /* Montserrat-LightItalic.ttf in Resources */,
			);
			runOnlyForDeploymentPostprocessing = 0;
		};
/* End PBXResourcesBuildPhase section */

/* Begin PBXSourcesBuildPhase section */
		83CC70942D6605450013F29C /* Sources */ = {
			isa = PBXSourcesBuildPhase;
			buildActionMask = 2147483647;
			files = (
				83571FC52D6797D100F08BAE /* UIImage+Ext.swift in Sources */,
				83CC711D2D6670CD0013F29C /* TableHeaderView.swift in Sources */,
				83CC711F2D677B2B0013F29C /* FPTitleLabel.swift in Sources */,
				83CC711B2D666C270013F29C /* FamilyProfileViewModel.swift in Sources */,
				83571FC22D6796B300F08BAE /* FPTextField.swift in Sources */,
				83CC71222D677C0D0013F29C /* FPButton.swift in Sources */,
				83571FC92D67A67500F08BAE /* DummyChild.swift in Sources */,
				83CC70CF2D6631EB0013F29C /* StorageManager.swift in Sources */,
				83CC70D42D6632990013F29C /* StorageError.swift in Sources */,
				83CC71172D6664730013F29C /* ChildInfoTableViewCell.swift in Sources */,
				83CC70D22D6632590013F29C /* ErrorPresenter.swift in Sources */,
				83CC70B82D6627490013F29C /* AppDelegate.swift in Sources */,
				83571FBF2D67842700F08BAE /* AddChildViewController.swift in Sources */,
				83571FC72D67983600F08BAE /* BaseInputView.swift in Sources */,
				83571FD62D67BC7D00F08BAE /* Child+CoreDataClass.swift in Sources */,
				83571FD72D67BC7D00F08BAE /* Child+CoreDataProperties.swift in Sources */,
				83571FD82D67BC7D00F08BAE /* Parent+CoreDataClass.swift in Sources */,
				83571FD92D67BC7D00F08BAE /* Parent+CoreDataProperties.swift in Sources */,
				83CC71032D663B020013F29C /* UIView+Ext.swift in Sources */,
				83CC71052D6640490013F29C /* TitleValueView.swift in Sources */,
				83CC70B92D6627490013F29C /* FamilyProfileViewController.swift in Sources */,
				83CC71012D663AE90013F29C /* UITableView+Ext.swift in Sources */,
				83CC71092D6640C50013F29C /* FPBodyLabel.swift in Sources */,
				83CC70BA2D6627490013F29C /* SceneDelegate.swift in Sources */,
				83CC70FD2D6637CC0013F29C /* Resouces.swift in Sources */,
				83CC710C2D66447B0013F29C /* ParentInfoView.swift in Sources */,
				83CC70C12D6629FB0013F29C /* FamilyProfileModel.xcdatamodeld in Sources */,
			);
			runOnlyForDeploymentPostprocessing = 0;
		};
/* End PBXSourcesBuildPhase section */

/* Begin PBXVariantGroup section */
		83CC70B52D6627490013F29C /* LaunchScreen.storyboard */ = {
			isa = PBXVariantGroup;
			children = (
				83CC70B42D6627490013F29C /* Base */,
			);
			name = LaunchScreen.storyboard;
			sourceTree = "<group>";
		};
/* End PBXVariantGroup section */

/* Begin XCBuildConfiguration section */
		83CC70AC2D6605470013F29C /* Debug */ = {
			isa = XCBuildConfiguration;
			buildSettings = {
				ASSETCATALOG_COMPILER_APPICON_NAME = AppIcon;
				ASSETCATALOG_COMPILER_GLOBAL_ACCENT_COLOR_NAME = AccentColor;
				CODE_SIGN_STYLE = Automatic;
				CURRENT_PROJECT_VERSION = 1;
				DEVELOPMENT_TEAM = 2R32CKST38;
				GENERATE_INFOPLIST_FILE = YES;
				INFOPLIST_FILE = "AlefFamilyProfile/Supporting files/Info.plist";
				INFOPLIST_KEY_UIApplicationSupportsIndirectInputEvents = YES;
				INFOPLIST_KEY_UILaunchStoryboardName = LaunchScreen;
				INFOPLIST_KEY_UISupportedInterfaceOrientations = UIInterfaceOrientationPortrait;
				INFOPLIST_KEY_UISupportedInterfaceOrientations_iPad = "UIInterfaceOrientationLandscapeLeft UIInterfaceOrientationLandscapeRight UIInterfaceOrientationPortrait UIInterfaceOrientationPortraitUpsideDown";
				IPHONEOS_DEPLOYMENT_TARGET = 17.5;
				LD_RUNPATH_SEARCH_PATHS = (
					"$(inherited)",
					"@executable_path/Frameworks",
				);
				MARKETING_VERSION = 1.0;
				PRODUCT_BUNDLE_IDENTIFIER = com.Mikhail.Ustyantsev.AlefFamilyProfile;
				PRODUCT_NAME = "$(TARGET_NAME)";
				SUPPORTED_PLATFORMS = "iphoneos iphonesimulator";
				SUPPORTS_MACCATALYST = NO;
				SUPPORTS_MAC_DESIGNED_FOR_IPHONE_IPAD = NO;
				SUPPORTS_XR_DESIGNED_FOR_IPHONE_IPAD = NO;
				SWIFT_EMIT_LOC_STRINGS = YES;
				SWIFT_VERSION = 5.0;
				TARGETED_DEVICE_FAMILY = 1;
			};
			name = Debug;
		};
		83CC70AD2D6605470013F29C /* Release */ = {
			isa = XCBuildConfiguration;
			buildSettings = {
				ASSETCATALOG_COMPILER_APPICON_NAME = AppIcon;
				ASSETCATALOG_COMPILER_GLOBAL_ACCENT_COLOR_NAME = AccentColor;
				CODE_SIGN_STYLE = Automatic;
				CURRENT_PROJECT_VERSION = 1;
				DEVELOPMENT_TEAM = 2R32CKST38;
				GENERATE_INFOPLIST_FILE = YES;
				INFOPLIST_FILE = "AlefFamilyProfile/Supporting files/Info.plist";
				INFOPLIST_KEY_UIApplicationSupportsIndirectInputEvents = YES;
				INFOPLIST_KEY_UILaunchStoryboardName = LaunchScreen;
				INFOPLIST_KEY_UISupportedInterfaceOrientations = UIInterfaceOrientationPortrait;
				INFOPLIST_KEY_UISupportedInterfaceOrientations_iPad = "UIInterfaceOrientationLandscapeLeft UIInterfaceOrientationLandscapeRight UIInterfaceOrientationPortrait UIInterfaceOrientationPortraitUpsideDown";
				IPHONEOS_DEPLOYMENT_TARGET = 17.5;
				LD_RUNPATH_SEARCH_PATHS = (
					"$(inherited)",
					"@executable_path/Frameworks",
				);
				MARKETING_VERSION = 1.0;
				PRODUCT_BUNDLE_IDENTIFIER = com.Mikhail.Ustyantsev.AlefFamilyProfile;
				PRODUCT_NAME = "$(TARGET_NAME)";
				SUPPORTED_PLATFORMS = "iphoneos iphonesimulator";
				SUPPORTS_MACCATALYST = NO;
				SUPPORTS_MAC_DESIGNED_FOR_IPHONE_IPAD = NO;
				SUPPORTS_XR_DESIGNED_FOR_IPHONE_IPAD = NO;
				SWIFT_EMIT_LOC_STRINGS = YES;
				SWIFT_VERSION = 5.0;
				TARGETED_DEVICE_FAMILY = 1;
			};
			name = Release;
		};
		83CC70AE2D6605470013F29C /* Debug */ = {
			isa = XCBuildConfiguration;
			buildSettings = {
				ALWAYS_SEARCH_USER_PATHS = NO;
				ASSETCATALOG_COMPILER_GENERATE_SWIFT_ASSET_SYMBOL_EXTENSIONS = YES;
				CLANG_ANALYZER_NONNULL = YES;
				CLANG_ANALYZER_NUMBER_OBJECT_CONVERSION = YES_AGGRESSIVE;
				CLANG_CXX_LANGUAGE_STANDARD = "gnu++20";
				CLANG_ENABLE_MODULES = YES;
				CLANG_ENABLE_OBJC_ARC = YES;
				CLANG_ENABLE_OBJC_WEAK = YES;
				CLANG_WARN_BLOCK_CAPTURE_AUTORELEASING = YES;
				CLANG_WARN_BOOL_CONVERSION = YES;
				CLANG_WARN_COMMA = YES;
				CLANG_WARN_CONSTANT_CONVERSION = YES;
				CLANG_WARN_DEPRECATED_OBJC_IMPLEMENTATIONS = YES;
				CLANG_WARN_DIRECT_OBJC_ISA_USAGE = YES_ERROR;
				CLANG_WARN_DOCUMENTATION_COMMENTS = YES;
				CLANG_WARN_EMPTY_BODY = YES;
				CLANG_WARN_ENUM_CONVERSION = YES;
				CLANG_WARN_INFINITE_RECURSION = YES;
				CLANG_WARN_INT_CONVERSION = YES;
				CLANG_WARN_NON_LITERAL_NULL_CONVERSION = YES;
				CLANG_WARN_OBJC_IMPLICIT_RETAIN_SELF = YES;
				CLANG_WARN_OBJC_LITERAL_CONVERSION = YES;
				CLANG_WARN_OBJC_ROOT_CLASS = YES_ERROR;
				CLANG_WARN_QUOTED_INCLUDE_IN_FRAMEWORK_HEADER = YES;
				CLANG_WARN_RANGE_LOOP_ANALYSIS = YES;
				CLANG_WARN_STRICT_PROTOTYPES = YES;
				CLANG_WARN_SUSPICIOUS_MOVE = YES;
				CLANG_WARN_UNGUARDED_AVAILABILITY = YES_AGGRESSIVE;
				CLANG_WARN_UNREACHABLE_CODE = YES;
				CLANG_WARN__DUPLICATE_METHOD_MATCH = YES;
				COPY_PHASE_STRIP = NO;
				DEBUG_INFORMATION_FORMAT = dwarf;
				ENABLE_STRICT_OBJC_MSGSEND = YES;
				ENABLE_TESTABILITY = YES;
				ENABLE_USER_SCRIPT_SANDBOXING = YES;
				GCC_C_LANGUAGE_STANDARD = gnu17;
				GCC_DYNAMIC_NO_PIC = NO;
				GCC_NO_COMMON_BLOCKS = YES;
				GCC_OPTIMIZATION_LEVEL = 0;
				GCC_PREPROCESSOR_DEFINITIONS = (
					"DEBUG=1",
					"$(inherited)",
				);
				GCC_WARN_64_TO_32_BIT_CONVERSION = YES;
				GCC_WARN_ABOUT_RETURN_TYPE = YES_ERROR;
				GCC_WARN_UNDECLARED_SELECTOR = YES;
				GCC_WARN_UNINITIALIZED_AUTOS = YES_AGGRESSIVE;
				GCC_WARN_UNUSED_FUNCTION = YES;
				GCC_WARN_UNUSED_VARIABLE = YES;
				IPHONEOS_DEPLOYMENT_TARGET = 18.1;
				LOCALIZATION_PREFERS_STRING_CATALOGS = YES;
				MTL_ENABLE_DEBUG_INFO = INCLUDE_SOURCE;
				MTL_FAST_MATH = YES;
				ONLY_ACTIVE_ARCH = YES;
				SDKROOT = iphoneos;
				SWIFT_ACTIVE_COMPILATION_CONDITIONS = "DEBUG $(inherited)";
				SWIFT_OPTIMIZATION_LEVEL = "-Onone";
			};
			name = Debug;
		};
		83CC70AF2D6605470013F29C /* Release */ = {
			isa = XCBuildConfiguration;
			buildSettings = {
				ALWAYS_SEARCH_USER_PATHS = NO;
				ASSETCATALOG_COMPILER_GENERATE_SWIFT_ASSET_SYMBOL_EXTENSIONS = YES;
				CLANG_ANALYZER_NONNULL = YES;
				CLANG_ANALYZER_NUMBER_OBJECT_CONVERSION = YES_AGGRESSIVE;
				CLANG_CXX_LANGUAGE_STANDARD = "gnu++20";
				CLANG_ENABLE_MODULES = YES;
				CLANG_ENABLE_OBJC_ARC = YES;
				CLANG_ENABLE_OBJC_WEAK = YES;
				CLANG_WARN_BLOCK_CAPTURE_AUTORELEASING = YES;
				CLANG_WARN_BOOL_CONVERSION = YES;
				CLANG_WARN_COMMA = YES;
				CLANG_WARN_CONSTANT_CONVERSION = YES;
				CLANG_WARN_DEPRECATED_OBJC_IMPLEMENTATIONS = YES;
				CLANG_WARN_DIRECT_OBJC_ISA_USAGE = YES_ERROR;
				CLANG_WARN_DOCUMENTATION_COMMENTS = YES;
				CLANG_WARN_EMPTY_BODY = YES;
				CLANG_WARN_ENUM_CONVERSION = YES;
				CLANG_WARN_INFINITE_RECURSION = YES;
				CLANG_WARN_INT_CONVERSION = YES;
				CLANG_WARN_NON_LITERAL_NULL_CONVERSION = YES;
				CLANG_WARN_OBJC_IMPLICIT_RETAIN_SELF = YES;
				CLANG_WARN_OBJC_LITERAL_CONVERSION = YES;
				CLANG_WARN_OBJC_ROOT_CLASS = YES_ERROR;
				CLANG_WARN_QUOTED_INCLUDE_IN_FRAMEWORK_HEADER = YES;
				CLANG_WARN_RANGE_LOOP_ANALYSIS = YES;
				CLANG_WARN_STRICT_PROTOTYPES = YES;
				CLANG_WARN_SUSPICIOUS_MOVE = YES;
				CLANG_WARN_UNGUARDED_AVAILABILITY = YES_AGGRESSIVE;
				CLANG_WARN_UNREACHABLE_CODE = YES;
				CLANG_WARN__DUPLICATE_METHOD_MATCH = YES;
				COPY_PHASE_STRIP = NO;
				DEBUG_INFORMATION_FORMAT = "dwarf-with-dsym";
				ENABLE_NS_ASSERTIONS = NO;
				ENABLE_STRICT_OBJC_MSGSEND = YES;
				ENABLE_USER_SCRIPT_SANDBOXING = YES;
				GCC_C_LANGUAGE_STANDARD = gnu17;
				GCC_NO_COMMON_BLOCKS = YES;
				GCC_WARN_64_TO_32_BIT_CONVERSION = YES;
				GCC_WARN_ABOUT_RETURN_TYPE = YES_ERROR;
				GCC_WARN_UNDECLARED_SELECTOR = YES;
				GCC_WARN_UNINITIALIZED_AUTOS = YES_AGGRESSIVE;
				GCC_WARN_UNUSED_FUNCTION = YES;
				GCC_WARN_UNUSED_VARIABLE = YES;
				IPHONEOS_DEPLOYMENT_TARGET = 18.1;
				LOCALIZATION_PREFERS_STRING_CATALOGS = YES;
				MTL_ENABLE_DEBUG_INFO = NO;
				MTL_FAST_MATH = YES;
				SDKROOT = iphoneos;
				SWIFT_COMPILATION_MODE = wholemodule;
				VALIDATE_PRODUCT = YES;
			};
			name = Release;
		};
/* End XCBuildConfiguration section */

/* Begin XCConfigurationList section */
		83CC70932D6605450013F29C /* Build configuration list for PBXProject "AlefFamilyProfile" */ = {
			isa = XCConfigurationList;
			buildConfigurations = (
				83CC70AE2D6605470013F29C /* Debug */,
				83CC70AF2D6605470013F29C /* Release */,
			);
			defaultConfigurationIsVisible = 0;
			defaultConfigurationName = Release;
		};
		83CC70AB2D6605470013F29C /* Build configuration list for PBXNativeTarget "AlefFamilyProfile" */ = {
			isa = XCConfigurationList;
			buildConfigurations = (
				83CC70AC2D6605470013F29C /* Debug */,
				83CC70AD2D6605470013F29C /* Release */,
			);
			defaultConfigurationIsVisible = 0;
			defaultConfigurationName = Release;
		};
/* End XCConfigurationList section */

/* Begin XCVersionGroup section */
		83CC70BF2D6629FB0013F29C /* FamilyProfileModel.xcdatamodeld */ = {
			isa = XCVersionGroup;
			children = (
				83CC70C02D6629FB0013F29C /* FamilyProfileModel.xcdatamodel */,
			);
			currentVersion = 83CC70C02D6629FB0013F29C /* FamilyProfileModel.xcdatamodel */;
			path = FamilyProfileModel.xcdatamodeld;
			sourceTree = "<group>";
			versionGroupType = wrapper.xcdatamodel;
		};
/* End XCVersionGroup section */
	};
	rootObject = 83CC70902D6605450013F29C /* Project object */;
}
